{
  "name": "pre-render-tron",
  "version": "0.0.6",
  "lockfileVersion": 1,
  "requires": true,
  "dependencies": {
    "@webcomponents/webcomponentsjs": {
      "version": "2.4.3",
      "resolved": "https://registry.npmjs.org/@webcomponents/webcomponentsjs/-/webcomponentsjs-2.4.3.tgz",
      "integrity": "sha512-cV4+sAmshf8ysU2USutrSRYQkJzEYKHsRCGa0CkMElGpG5747VHtkfsW3NdVIBV/m2MDKXTDydT4lkrysH7IFA==",
      "dev": true
    },
    "ava-pwar": {
      "version": "0.0.17",
      "resolved": "https://registry.npmjs.org/ava-pwar/-/ava-pwar-0.0.17.tgz",
      "integrity": "sha512-+v61nVqHljEL9mP38bApQnHscW7QyASnTv6a6l6MCRQBlCELDZwdVsuFZAvOakrz5Ym/C945nVvLuxJj1Jv1Uw==",
      "requires": {
        "xtal-latx": "0.0.25"
      },
      "dependencies": {
        "xtal-latx": {
          "version": "0.0.25",
          "resolved": "https://registry.npmjs.org/xtal-latx/-/xtal-latx-0.0.25.tgz",
          "integrity": "sha512-2vErkR+tUHt3CF1tstiP9UNoVjb9YIlcgaYMMaTMgdU5iGCfU0gqYz/9pPmBPkUhluJQM9sNIYndibmEl8jX8Q=="
        }
      }
    },
    "xtal-latx": {
      "version": "0.0.88",
      "resolved": "https://registry.npmjs.org/xtal-latx/-/xtal-latx-0.0.88.tgz",
      "integrity": "sha512-zkfvHGGKR5EeNbHKp5oMhNc9a8tl/IoxsxMlRqgEHjZ7rPW1zZFHn6Zdnhbq1NdWVVPhcw+9CbH/+5g+gExPjg=="
    }
  }
}
